# This file is autogenerated, do not edit; changes may be undone by the next 'dep ensure'.


[[projects]]
  digest = "1:c7937d6337f88193ad8aade88c92d7e72b3d5fc6e5002a9515dabca5802624cd"
  name = "github.com/Microsoft/go-winio"
  packages = ["."]
  pruneopts = ""
  revision = "97e4973ce50b2ff5f09635a57e2b88a037aae829"
  version = "v0.4.11"

[[projects]]
  digest = "1:f11e03e8297265765272534835027251cc808ed6dab124f5f5dbc37f7c908abb"
  name = "github.com/Shopify/sarama"
  packages = ["."]
  pruneopts = ""
  revision = "ec843464b50d4c8b56403ec9d589cf41ea30e722"
  version = "v1.19.0"

[[projects]]
  digest = "1:9d57e200ef5ccc4217fe0a34287308bac652435e7c6513f6263e0493d2245c56"
  name = "github.com/Sirupsen/logrus"
  packages = ["."]
  pruneopts = ""
  revision = "bcd833dfe83d3cebad139e4a29ed79cb2318bf95"
  version = "v1.2.0"

[[projects]]
  digest = "1:f82b8ac36058904227087141017bb82f4b0fc58272990a4cdae3e2d6d222644e"
  name = "github.com/StackExchange/wmi"
  packages = ["."]
  pruneopts = ""
  revision = "5d049714c4a64225c3c79a7cf7d02f7fb5b96338"
  version = "1.0.0"

[[projects]]
  digest = "1:e9101ff7fd0ef0fdbed736afe560d100189024de96be00005d640ef9f1d7b6ef"
  name = "github.com/aerospike/aerospike-client-go"
  packages = [
    ".",
    "internal/lua",
    "internal/lua/resources",
    "logger",
    "pkg/bcrypt",
    "pkg/ripemd160",
    "types",
    "types/atomic",
    "types/particle_type",
    "types/rand",
    "utils/buffer",
  ]
  pruneopts = ""
  revision = "e68a0fcdfba08afc0a03c8bf27778de1280dd15a"
  version = "v1.36.0"

[[projects]]
  digest = "1:0deddd908b6b4b768cfc272c16ee61e7088a60f7fe2f06c547bd3d8e1f8b8e77"
  name = "github.com/davecgh/go-spew"
  packages = ["spew"]
  pruneopts = ""
  revision = "8991bc29aa16c548c550c7ff78260e27b9ab7c73"
  version = "v1.1.1"

[[projects]]
  branch = "master"
  digest = "1:9756ba48d966bcfd67b75e62a24e0969a9a05110f609287f1784493904929dfd"
  name = "github.com/digitalocean/go-libvirt"
  packages = [
    ".",
    "internal/constants",
    "internal/go-xdr/xdr2",
    "libvirttest",
  ]
  pruneopts = ""
  revision = "08f982c676c687208cd701abd4565d40c374d45f"

[[projects]]
  digest = "1:a9e4ff75555e4500e409dc87c1d708b090bb8dd77f889bbf266773f3dc23af70"
  name = "github.com/docker/distribution"
  packages = [
    "digest",
    "reference",
  ]
  pruneopts = ""
  revision = "48294d928ced5dd9b378f7fd7c6f5da3ff3f2c89"
  version = "v2.6.2"

[[projects]]
  digest = "1:a60acfb78bd12ce7b2101f0cc0bca8cd83db6aa60bf1e6ddfd33e83013083ddf"
  name = "github.com/docker/docker"
  packages = [
    "api",
    "api/types",
    "api/types/blkiodev",
    "api/types/container",
    "api/types/events",
    "api/types/filters",
    "api/types/mount",
    "api/types/network",
    "api/types/reference",
    "api/types/registry",
    "api/types/strslice",
    "api/types/swarm",
    "api/types/time",
    "api/types/versions",
    "api/types/volume",
    "client",
    "pkg/ioutils",
    "pkg/longpath",
    "pkg/system",
    "pkg/tlsconfig",
  ]
  pruneopts = ""
  revision = "092cba3727bb9b4a2f0e922cd6c0f93ea270e363"
  version = "v1.13.1"

[[projects]]
  digest = "1:ebe593d8b65a2947b78b6e164a2dac1a230b977a700b694da3a398b03b7afb04"
  name = "github.com/docker/go-connections"
  packages = [
    "nat",
    "sockets",
    "tlsconfig",
  ]
  pruneopts = ""
  revision = "7395e3f8aa162843a74ed6d48e79627d9792ac55"
  version = "v0.4.0"

[[projects]]
  digest = "1:582d54fcb7233da8dde1dfd2210a5b9675d0685f84246a8d317b07d680c18b1b"
  name = "github.com/docker/go-units"
  packages = ["."]
  pruneopts = ""
  revision = "47565b4f722fb6ceae66b95f853feed578a4a51c"
  version = "v0.3.3"

[[projects]]
  branch = "master"
  digest = "1:1d0c4a7f7d52eb8da75993ab0526467360795e9dfdd559020a15bfb53a028809"
  name = "github.com/docker/libtrust"
  packages = ["."]
  pruneopts = ""
  revision = "aabc10ec26b754e797f9028f4589c5b7bd90dc20"

[[projects]]
  digest = "1:f1a75a8e00244e5ea77ff274baa9559eb877437b240ee7b278f3fc560d9f08bf"
  name = "github.com/dustin/go-humanize"
  packages = ["."]
  pruneopts = ""
  revision = "9f541cc9db5d55bce703bd99987c9d5cb8eea45e"
  version = "v1.0.0"

[[projects]]
  digest = "1:6d6672f85a84411509885eaa32f597577873de00e30729b9bb0eb1e1faa49c12"
  name = "github.com/eapache/go-resiliency"
  packages = ["breaker"]
  pruneopts = ""
  revision = "ea41b0fad31007accc7f806884dcdf3da98b79ce"
  version = "v1.1.0"

[[projects]]
  branch = "master"
  digest = "1:6643c01e619a68f80ac12ad81223275df653528c6d7e3788291c1fd6f1d622f6"
  name = "github.com/eapache/go-xerial-snappy"
  packages = ["."]
  pruneopts = ""
  revision = "776d5712da21bc4762676d614db1d8a64f4238b0"

[[projects]]
  digest = "1:d8d46d21073d0f65daf1740ebf4629c65e04bf92e14ce93c2201e8624843c3d3"
  name = "github.com/eapache/queue"
  packages = ["."]
  pruneopts = ""
  revision = "44cc805cf13205b55f69e14bcb69867d1ae92f98"
  version = "v1.1.0"

[[projects]]
  digest = "1:9c73d377f3f3b566fa6bed01a92b996fddb4856f61fe1a3c8a354a7a9c2edb07"
  name = "github.com/elastic/beats"
  packages = [
    "libbeat/api",
    "libbeat/asset",
    "libbeat/autodiscover",
    "libbeat/autodiscover/builder",
    "libbeat/autodiscover/meta",
    "libbeat/autodiscover/providers/docker",
    "libbeat/autodiscover/providers/jolokia",
    "libbeat/autodiscover/providers/kubernetes",
    "libbeat/autodiscover/template",
    "libbeat/beat",
    "libbeat/cfgfile",
    "libbeat/cloudid",
    "libbeat/cmd/instance",
    "libbeat/common",
    "libbeat/common/atomic",
    "libbeat/common/bus",
    "libbeat/common/cfgtype",
    "libbeat/common/cfgwarn",
    "libbeat/common/docker",
    "libbeat/common/dtfmt",
    "libbeat/common/file",
    "libbeat/common/fmtstr",
    "libbeat/common/jsontransform",
    "libbeat/common/kubernetes",
    "libbeat/common/match",
    "libbeat/common/safemapstr",
    "libbeat/common/schema",
    "libbeat/common/schema/mapstriface",
    "libbeat/common/schema/mapstrstr",
    "libbeat/common/seccomp",
    "libbeat/common/streambuf",
    "libbeat/common/transport/tlscommon",
    "libbeat/conditions",
    "libbeat/dashboards",
    "libbeat/feature",
    "libbeat/keystore",
    "libbeat/kibana",
    "libbeat/logp",
    "libbeat/logp/configure",
    "libbeat/metric/system/cpu",
    "libbeat/metric/system/host",
    "libbeat/metric/system/memory",
    "libbeat/metric/system/process",
    "libbeat/monitoring",
    "libbeat/monitoring/adapter",
    "libbeat/monitoring/report",
    "libbeat/monitoring/report/elasticsearch",
    "libbeat/monitoring/report/log",
    "libbeat/outputs",
    "libbeat/outputs/codec",
    "libbeat/outputs/codec/format",
    "libbeat/outputs/codec/json",
    "libbeat/outputs/console",
    "libbeat/outputs/elasticsearch",
    "libbeat/outputs/fileout",
    "libbeat/outputs/kafka",
    "libbeat/outputs/logstash",
    "libbeat/outputs/outil",
    "libbeat/outputs/redis",
    "libbeat/outputs/transport",
    "libbeat/paths",
    "libbeat/plugin",
    "libbeat/processors",
    "libbeat/processors/actions",
    "libbeat/processors/add_cloud_metadata",
    "libbeat/processors/add_docker_metadata",
    "libbeat/processors/add_host_metadata",
    "libbeat/processors/add_kubernetes_metadata",
    "libbeat/processors/add_locale",
    "libbeat/processors/dissect",
    "libbeat/publisher",
    "libbeat/publisher/includes",
    "libbeat/publisher/pipeline",
    "libbeat/publisher/queue",
    "libbeat/publisher/queue/memqueue",
    "libbeat/publisher/queue/spool",
    "libbeat/service",
    "libbeat/template",
    "libbeat/testing",
    "libbeat/version",
    "metricbeat/autodiscover",
    "metricbeat/autodiscover/appender/kubernetes/token",
    "metricbeat/autodiscover/builder/hints",
    "metricbeat/beater",
    "metricbeat/helper",
    "metricbeat/helper/elastic",
    "metricbeat/helper/prometheus",
    "metricbeat/helper/server",
    "metricbeat/helper/server/http",
    "metricbeat/helper/server/tcp",
    "metricbeat/helper/server/udp",
    "metricbeat/include",
    "metricbeat/mb",
    "metricbeat/mb/module",
    "metricbeat/mb/parse",
    "metricbeat/mb/testing",
    "metricbeat/module/aerospike",
    "metricbeat/module/aerospike/namespace",
    "metricbeat/module/apache",
    "metricbeat/module/apache/status",
    "metricbeat/module/ceph",
    "metricbeat/module/ceph/cluster_disk",
    "metricbeat/module/ceph/cluster_health",
    "metricbeat/module/ceph/cluster_status",
    "metricbeat/module/ceph/monitor_health",
    "metricbeat/module/ceph/osd_df",
    "metricbeat/module/ceph/osd_tree",
    "metricbeat/module/ceph/pool_disk",
    "metricbeat/module/couchbase",
    "metricbeat/module/couchbase/bucket",
    "metricbeat/module/couchbase/cluster",
    "metricbeat/module/couchbase/node",
    "metricbeat/module/docker",
    "metricbeat/module/docker/container",
    "metricbeat/module/docker/cpu",
    "metricbeat/module/docker/diskio",
    "metricbeat/module/docker/healthcheck",
    "metricbeat/module/docker/image",
    "metricbeat/module/docker/info",
    "metricbeat/module/docker/memory",
    "metricbeat/module/docker/network",
    "metricbeat/module/dropwizard",
    "metricbeat/module/dropwizard/collector",
    "metricbeat/module/elasticsearch",
    "metricbeat/module/elasticsearch/cluster_stats",
    "metricbeat/module/elasticsearch/index",
    "metricbeat/module/elasticsearch/index_recovery",
    "metricbeat/module/elasticsearch/index_summary",
    "metricbeat/module/elasticsearch/ml_job",
    "metricbeat/module/elasticsearch/node",
    "metricbeat/module/elasticsearch/node_stats",
    "metricbeat/module/elasticsearch/pending_tasks",
    "metricbeat/module/elasticsearch/shard",
    "metricbeat/module/envoyproxy",
    "metricbeat/module/envoyproxy/server",
    "metricbeat/module/etcd",
    "metricbeat/module/etcd/leader",
    "metricbeat/module/etcd/self",
    "metricbeat/module/etcd/store",
    "metricbeat/module/golang",
    "metricbeat/module/golang/expvar",
    "metricbeat/module/golang/heap",
    "metricbeat/module/graphite",
    "metricbeat/module/graphite/server",
    "metricbeat/module/haproxy",
    "metricbeat/module/haproxy/info",
    "metricbeat/module/haproxy/stat",
    "metricbeat/module/http",
    "metricbeat/module/http/json",
    "metricbeat/module/http/server",
    "metricbeat/module/jolokia",
    "metricbeat/module/jolokia/jmx",
    "metricbeat/module/kafka",
    "metricbeat/module/kafka/consumergroup",
    "metricbeat/module/kafka/partition",
    "metricbeat/module/kibana",
    "metricbeat/module/kibana/stats",
    "metricbeat/module/kibana/status",
    "metricbeat/module/kubernetes",
    "metricbeat/module/kubernetes/apiserver",
    "metricbeat/module/kubernetes/container",
    "metricbeat/module/kubernetes/event",
    "metricbeat/module/kubernetes/node",
    "metricbeat/module/kubernetes/pod",
    "metricbeat/module/kubernetes/state_container",
    "metricbeat/module/kubernetes/state_deployment",
    "metricbeat/module/kubernetes/state_node",
    "metricbeat/module/kubernetes/state_pod",
    "metricbeat/module/kubernetes/state_replicaset",
    "metricbeat/module/kubernetes/state_statefulset",
    "metricbeat/module/kubernetes/system",
    "metricbeat/module/kubernetes/util",
    "metricbeat/module/kubernetes/volume",
    "metricbeat/module/kvm",
    "metricbeat/module/kvm/dommemstat",
    "metricbeat/module/logstash",
    "metricbeat/module/logstash/node",
    "metricbeat/module/logstash/node_stats",
    "metricbeat/module/memcached",
    "metricbeat/module/memcached/stats",
    "metricbeat/module/mongodb",
    "metricbeat/module/mongodb/collstats",
    "metricbeat/module/mongodb/dbstats",
    "metricbeat/module/mongodb/status",
    "metricbeat/module/munin",
    "metricbeat/module/munin/node",
    "metricbeat/module/mysql",
    "metricbeat/module/mysql/galera_status",
    "metricbeat/module/mysql/status",
    "metricbeat/module/nginx",
    "metricbeat/module/nginx/stubstatus",
    "metricbeat/module/php_fpm",
    "metricbeat/module/php_fpm/pool",
    "metricbeat/module/postgresql",
    "metricbeat/module/postgresql/activity",
    "metricbeat/module/postgresql/bgwriter",
    "metricbeat/module/postgresql/database",
    "metricbeat/module/postgresql/statement",
    "metricbeat/module/prometheus",
    "metricbeat/module/prometheus/collector",
    "metricbeat/module/prometheus/stats",
    "metricbeat/module/rabbitmq",
    "metricbeat/module/rabbitmq/connection",
    "metricbeat/module/rabbitmq/exchange",
    "metricbeat/module/rabbitmq/node",
    "metricbeat/module/rabbitmq/queue",
    "metricbeat/module/redis",
    "metricbeat/module/redis/info",
    "metricbeat/module/redis/keyspace",
    "metricbeat/module/system",
    "metricbeat/module/system/core",
    "metricbeat/module/system/cpu",
    "metricbeat/module/system/diskio",
    "metricbeat/module/system/filesystem",
    "metricbeat/module/system/fsstat",
    "metricbeat/module/system/load",
    "metricbeat/module/system/memory",
    "metricbeat/module/system/network",
    "metricbeat/module/system/process",
    "metricbeat/module/system/process_summary",
    "metricbeat/module/system/raid",
    "metricbeat/module/system/socket",
    "metricbeat/module/system/uptime",
    "metricbeat/module/traefik",
    "metricbeat/module/traefik/health",
    "metricbeat/module/uwsgi",
    "metricbeat/module/uwsgi/status",
    "metricbeat/module/vsphere",
    "metricbeat/module/vsphere/datastore",
    "metricbeat/module/vsphere/host",
    "metricbeat/module/vsphere/virtualmachine",
    "metricbeat/module/windows",
    "metricbeat/module/windows/perfmon",
    "metricbeat/module/windows/service",
    "metricbeat/module/zookeeper",
    "metricbeat/module/zookeeper/mntr",
    "metricbeat/processor/add_kubernetes_metadata",
    "winlogbeat/sys",
  ]
  pruneopts = ""
  revision = "a8afce82a3cbaffe30a9c23b5321a3183ae9dc1a"
  version = "v6.4.3"

[[projects]]
  digest = "1:1e740c464548791ea20635f2f02351a0319e3d9ac9dbde8505c8784e8904c812"
  name = "github.com/elastic/go-lumber"
  packages = [
    "client/v2",
    "protocol/v2",
  ]
  pruneopts = ""
  revision = "616041e345fc33c97bc0eb0fa6b388aa07bca3e1"
  version = "v0.1.0"

[[projects]]
  branch = "master"
  digest = "1:21cbbc58b858355058b39ed48a0acd4dfc33c9ceee3b659222d70c68e521fcbd"
  name = "github.com/elastic/go-seccomp-bpf"
  packages = [
    ".",
    "arch",
  ]
  pruneopts = ""
  revision = "5bed103a93993f24c58dd267faaab582f2373e31"

[[projects]]
  digest = "1:2c737be55d6abdad8a3ebf614f04224301c324a535aa1d4bd338a5b0997e65dd"
  name = "github.com/elastic/go-structform"
  packages = [
    ".",
    "cborl",
    "gotype",
    "internal/unsafe",
    "json",
    "ubjson",
    "visitors",
  ]
  pruneopts = ""
  revision = "1425975cf4eb470099fcf02cbe9389cf3a7028a3"
  version = "v0.0.5"

[[projects]]
  branch = "master"
  digest = "1:2b44aef19ab88400705f78885f109e2082948d6dd7b0a71bcd3024bf362e9312"
  name = "github.com/elastic/go-sysinfo"
  packages = [
    ".",
    "internal/registry",
    "providers/darwin",
    "providers/linux",
    "providers/shared",
    "providers/windows",
    "types",
  ]
  pruneopts = ""
  revision = "7b021494a9562d0c3f0422d49b9980709c5650e9"

[[projects]]
  digest = "1:1861e42738b3fcc9a154477c1c1be2207e7a30eee431bbe082bcab5c6a76cc45"
  name = "github.com/elastic/go-txfile"
  packages = [
    ".",
    "internal/cleanup",
    "internal/invariant",
    "internal/iter",
    "internal/strbld",
    "internal/tracelog",
    "internal/vfs",
    "internal/vfs/osfs",
    "pq",
    "txerr",
  ]
  pruneopts = ""
  revision = "389b527ad365f6fc6cf5fa7e0ba5a2294ad2f3ed"
  version = "v0.0.3"

[[projects]]
  digest = "1:97a434d511a59125772ad029efd1d54e9b02db827bec55f7d6c63d42e3c7a1a0"
  name = "github.com/elastic/go-ucfg"
  packages = [
    ".",
    "cfgutil",
    "flag",
    "internal/parse",
    "json",
    "yaml",
  ]
  pruneopts = ""
  revision = "92d43887f91851c9936621665af7f796f4d03412"
  version = "v0.6.5"

[[projects]]
  branch = "master"
  digest = "1:63509fc7f9aac866d56904b62131b2d1e71291d36513e072c560c3deaad704a0"
  name = "github.com/elastic/go-windows"
  packages = ["."]
  pruneopts = ""
  revision = "bb1581babc04d5cb29a2bfa7a9ac6781c730c8dd"

[[projects]]
  digest = "1:800731fdb13b30411baab9bc2beb6a2e8779590f203728efaf25d6a5d8646a8a"
  name = "github.com/elastic/gosigar"
  packages = [
    ".",
    "cgroup",
    "sys",
    "sys/linux",
    "sys/windows",
  ]
  pruneopts = ""
  revision = "237dff72b4ba95da2cd985f96a9c0ede4aefc760"
  version = "v0.9.0"

[[projects]]
  digest = "1:99a0607f79d36202b64b674c0464781549917cfc4bfb88037aaa98b31e124a18"
  name = "github.com/ericchiang/k8s"
  packages = [
    ".",
    "apis/apiextensions/v1beta1",
    "apis/apps/v1beta1",
    "apis/core/v1",
    "apis/extensions/v1beta1",
    "apis/meta/v1",
    "apis/policy/v1beta1",
    "apis/resource",
    "runtime",
    "runtime/schema",
    "util/intstr",
    "watch/versioned",
  ]
  pruneopts = ""
  revision = "d1bbc0cffaf9849ddcae7b9efffae33e2dd52e9a"
  version = "v1.2.0"

[[projects]]
  digest = "1:e988ed0ca0d81f4d28772760c02ee95084961311291bdfefc1b04617c178b722"
  name = "github.com/fatih/color"
  packages = ["."]
  pruneopts = ""
  revision = "5b77d2a35fb0ede96d138fc9a99f5c9b6aef11b4"
  version = "v1.7.0"

[[projects]]
  digest = "1:9525d0e79ccf382e32edeef466b9a91f16eb0eebdca5971a03fad1bb3be9cd89"
  name = "github.com/garyburd/redigo"
  packages = [
    "internal",
    "redis",
  ]
  pruneopts = ""
  revision = "a69d19351219b6dd56f274f96d85a7014a2ec34e"
  version = "v1.6.0"

[[projects]]
  digest = "1:b13707423743d41665fd23f0c36b2f37bb49c30e94adb813319c44188a51ba22"
  name = "github.com/ghodss/yaml"
  packages = ["."]
  pruneopts = ""
  revision = "0ca9ea5df5451ffdf184b4428c902747c2c11cd7"
  version = "v1.0.0"

[[projects]]
  digest = "1:96c4a6ff4206086347bfe28e96e092642882128f45ecb8dc8f15f3e6f6703af0"
  name = "github.com/go-ole/go-ole"
  packages = [
    ".",
    "oleutil",
  ]
  pruneopts = ""
  revision = "a41e3c4b706f6ae8dfbff342b06e40fa4d2d0506"
  version = "v1.2.1"

[[projects]]
  digest = "1:c07de423ca37dc2765396d6971599ab652a339538084b9b58c9f7fc533b28525"
  name = "github.com/go-sql-driver/mysql"
  packages = ["."]
  pruneopts = ""
  revision = "d523deb1b23d913de5bdada721a6071e71283618"
  version = "v1.4.0"

[[projects]]
  branch = "master"
  digest = "1:30d80a3d5f7ac0ca84ae7a46aa2648f93efb85a2a498431f2db1c2928fb048b4"
  name = "github.com/gocarina/gocsv"
  packages = ["."]
  pruneopts = ""
  revision = "cde31a6ec2a87636e8a5f13d18468e9dd683149e"

[[projects]]
  digest = "1:6e73003ecd35f4487a5e88270d3ca0a81bc80dc88053ac7e4dcfec5fba30d918"
  name = "github.com/gogo/protobuf"
  packages = ["proto"]
  pruneopts = ""
  revision = "636bf0302bc95575d69441b25a2603156ffdddf1"
  version = "v1.1.1"

[[projects]]
  digest = "1:3dd078fda7500c341bc26cfbc6c6a34614f295a2457149fc1045cab767cbcf18"
  name = "github.com/golang/protobuf"
  packages = ["proto"]
  pruneopts = ""
  revision = "aa810b61a9c79d51363740d207bb46cf8e620ed5"
  version = "v1.2.0"

[[projects]]
  branch = "master"
  digest = "1:2a5888946cdbc8aa360fd43301f9fc7869d663f60d5eedae7d4e6e5e4f06f2bf"
  name = "github.com/golang/snappy"
  packages = ["."]
  pruneopts = ""
  revision = "2e65f85255dbc3072edf28d6b5b8efc472979f5a"

[[projects]]
  branch = "master"
  digest = "1:521a4970efd87aee222f294b7f0c281266fd4325a3e5c31bda725dff082d120a"
  name = "github.com/joeshaw/multierror"
  packages = ["."]
  pruneopts = ""
  revision = "69b34d4ec901851247ae7e77d33909caf9df99ed"

[[projects]]
  digest = "1:4d0614a5d2e5e394368521b087428b2996ae95ebc4699afabc61adac9b7cec38"
  name = "github.com/klauspost/compress"
  packages = [
    "flate",
    "zlib",
  ]
  pruneopts = ""
  revision = "b939724e787a27c0005cabe3f78e7ed7987ac74f"
  version = "v1.4.0"

[[projects]]
  digest = "1:f0117357f14b0a625ddbbe25e23637291ac0276402fcfd25fc447422456364ce"
  name = "github.com/klauspost/cpuid"
  packages = ["."]
  pruneopts = ""
  revision = "ae7887de9fa5d2db4eaa8174a7eff2c1ac00f2da"
  version = "v1.1"

[[projects]]
  digest = "1:6a874e3ddfb9db2b42bd8c85b6875407c702fa868eed20634ff489bc896ccfd3"
  name = "github.com/konsorten/go-windows-terminal-sequences"
  packages = ["."]
  pruneopts = ""
  revision = "5c8c8bd35d3832f5d134ae1e1e375b69a4d25242"
  version = "v1.0.1"

[[projects]]
  branch = "master"
  digest = "1:450ccf79705e5c59f07f839c7fc008a6c1073621836dad0ad40ffc67a77d8f03"
  name = "github.com/kubernetes/apimachinery"
  packages = ["pkg/api/resource"]
  pruneopts = ""
  revision = "0aa9751e8aaff1b6afa1ca5270d8e280878797e4"

[[projects]]
  digest = "1:29145d7af4adafd72a79df5e41456ac9e232d5a28c1cd4dacf3ff008a217fc10"
  name = "github.com/lib/pq"
  packages = [
    ".",
    "oid",
  ]
  pruneopts = ""
  revision = "4ded0e9383f75c197b3a2aaa6d590ac52df6fd79"
  version = "v1.0.0"

[[projects]]
  digest = "1:9ea83adf8e96d6304f394d40436f2eb44c1dc3250d223b74088cc253a6cd0a1c"
  name = "github.com/mattn/go-colorable"
  packages = ["."]
  pruneopts = ""
  revision = "167de6bfdfba052fa6b2d3664c8f5272e23c9072"
  version = "v0.0.9"

[[projects]]
  digest = "1:3140e04675a6a91d2a20ea9d10bdadf6072085502e6def6768361260aee4b967"
  name = "github.com/mattn/go-isatty"
  packages = ["."]
  pruneopts = ""
  revision = "6ca4dbf54d38eea1a992b3c722a76a5d1c4cb25c"
  version = "v0.0.4"

[[projects]]
  digest = "1:63722a4b1e1717be7b98fc686e0b30d5e7f734b9e93d7dee86293b6deab7ea28"
  name = "github.com/matttproud/golang_protobuf_extensions"
  packages = ["pbutil"]
  pruneopts = ""
  revision = "c12348ce28de40eed0136aa2b644d0ee0650e56c"
  version = "v1.0.1"

[[projects]]
  digest = "1:387d79bfe8a4f0f300a22d65782108a94861eecfe652ffff30e8f91857ad81bb"
  name = "github.com/mitchellh/hashstructure"
  packages = ["."]
  pruneopts = ""
  revision = "a38c50148365edc8df43c1580c48fb2b3a1e9cd7"
  version = "v1.0.0"

[[projects]]
  digest = "1:bcc46a0fbd9e933087bef394871256b5c60269575bb661935874729c65bbbf60"
  name = "github.com/mitchellh/mapstructure"
  packages = ["."]
  pruneopts = ""
  revision = "3536a929edddb9a5b34bd6861dc4a9647cb459fe"
  version = "v1.1.2"

[[projects]]
  digest = "1:b1df71d0b2287062b90c6b4c8d3c934440aa0d2eb201d03f22be0f045860b4aa"
  name = "github.com/pierrec/lz4"
  packages = [
    ".",
    "internal/xxh32",
  ]
  pruneopts = ""
  revision = "635575b42742856941dbc767b44905bb9ba083f6"
  version = "v2.0.7"

[[projects]]
  digest = "1:7365acd48986e205ccb8652cc746f09c8b7876030d53710ea6ef7d0bd0dcd7ca"
  name = "github.com/pkg/errors"
  packages = ["."]
  pruneopts = ""
  revision = "645ef00459ed84a119197bfb8d8205042c6df63d"
  version = "v0.8.0"

[[projects]]
  digest = "1:256484dbbcd271f9ecebc6795b2df8cad4c458dd0f5fd82a8c2fa0c29f233411"
  name = "github.com/pmezard/go-difflib"
  packages = ["difflib"]
  pruneopts = ""
  revision = "792786c7400a136282c1664665ae0a8db921c6c2"
  version = "v1.0.0"

[[projects]]
  branch = "master"
  digest = "1:185cf55b1f44a1bf243558901c3f06efa5c64ba62cfdcbb1bf7bbe8c3fb68561"
  name = "github.com/prometheus/client_model"
  packages = ["go"]
  pruneopts = ""
  revision = "5c3871d89910bfb32f5fcab2aa4b9ec68e65a99f"

[[projects]]
  branch = "master"
  digest = "1:117e1e4f1ed83191a4a225d23488e14802ff8f91b3ed4ff0d229e8ea0faf0a88"
  name = "github.com/prometheus/common"
  packages = [
    "expfmt",
    "internal/bitbucket.org/ww/goautoneg",
    "model",
  ]
  pruneopts = ""
  revision = "7e9e6cabbd393fc208072eedef99188d0ce788b6"

[[projects]]
  branch = "master"
  digest = "1:1f62ed2c173c42c1edad2e94e127318ea11b0d28c62590c82a8d2d3cde189afe"
  name = "github.com/prometheus/procfs"
  packages = [
    ".",
    "internal/util",
    "nfs",
    "xfs",
  ]
  pruneopts = ""
  revision = "185b4288413d2a0dd0806f78c90dde719829e5ae"

[[projects]]
  branch = "master"
  digest = "1:bc5884d890d71ae56382665a93d792af3602dae40fa98778170e4795598a7264"
  name = "github.com/rcrowley/go-metrics"
  packages = ["."]
  pruneopts = ""
  revision = "3113b8401b8a98917cde58f8bbd42a1b1c03b1fd"

[[projects]]
  digest = "1:7f569d906bdd20d906b606415b7d794f798f91a62fcfb6a4daa6d50690fb7a3f"
  name = "github.com/satori/go.uuid"
  packages = ["."]
  pruneopts = ""
  revision = "f58768cc1a7a7e77a3bd49e98cdd21419399b6a3"
  version = "v1.2.0"

[[projects]]
  digest = "1:de188c2befeea0e5484002a07bed0e4b0e53eeade961c3dcbc957b41068a6ea4"
  name = "github.com/shirou/gopsutil"
  packages = [
    "disk",
    "internal/common",
    "net",
  ]
  pruneopts = ""
  revision = "3ec50d2876a36047b2ca39f955ba88fb7a455e92"
  version = "v2.18.10"

[[projects]]
  digest = "1:cbaf13cdbfef0e4734ed8a7504f57fe893d471d62a35b982bf6fb3f036449a66"
  name = "github.com/spf13/pflag"
  packages = ["."]
  pruneopts = ""
  revision = "298182f68c66c05229eb03ac171abe6e309ee79a"
  version = "v1.0.3"

[[projects]]
  digest = "1:c587772fb8ad29ad4db67575dad25ba17a51f072ff18a22b4f0257a4d9c24f75"
  name = "github.com/stretchr/testify"
  packages = ["assert"]
  pruneopts = ""
  revision = "f35b8ab0b5a2cef36673838d662e249dd9c94686"
  version = "v1.2.2"

[[projects]]
  digest = "1:ac02823572830fb544c7a94152465ca7833aaf1f186aeb4445ce9d34aacfcc4a"
  name = "github.com/theckman/go-flock"
  packages = ["."]
  pruneopts = ""
  revision = "7f43ea2e6a643ad441fc12d0ecc0d3388b300c53"
  version = "v0.7.0"

[[projects]]
  branch = "master"
  digest = "1:fe20b1027c8e045adfc3c2460d5a0590191bd0d4d108bd54377dab2b92ff949a"
  name = "github.com/urso/go-bin"
  packages = ["."]
  pruneopts = ""
  revision = "781c575c9f0eb3cb9dca94521bd7ad7d5aec7fd4"

[[projects]]
  digest = "1:6af52ce6dae9a912aa3113f247a63cd82599760ddc328a6721c3ef0426d31ca2"
  name = "github.com/vmware/govmomi"
  packages = [
    ".",
    "nfc",
    "object",
    "property",
    "session",
    "task",
    "view",
    "vim25",
    "vim25/debug",
    "vim25/methods",
    "vim25/mo",
    "vim25/progress",
    "vim25/soap",
    "vim25/types",
    "vim25/xml",
  ]
  pruneopts = ""
  revision = "3617f28d167d448f93f282a867870f109516d2a5"
  version = "v0.19.0"

[[projects]]
  branch = "master"
  digest = "1:e5e7d7742a5607737fd6a564ca941aecbd4e70c56ff443b11e3ce107608b5299"
  name = "github.com/yuin/gopher-lua"
  packages = [
    ".",
    "ast",
    "parse",
    "pm",
  ]
  pruneopts = ""
  revision = "12c4817b42c5e5b1f9e2690e42bfeaac8727924f"

[[projects]]
  digest = "1:74f86c458e82e1c4efbab95233e0cf51b7cc02dc03193be9f62cd81224e10401"
  name = "go.uber.org/atomic"
  packages = ["."]
  pruneopts = ""
  revision = "1ea20fb1cbb1cc08cbd0d913a96dead89aa18289"
  version = "v1.3.2"

[[projects]]
  digest = "1:22c7effcb4da0eacb2bb1940ee173fac010e9ef3c691f5de4b524d538bd980f5"
  name = "go.uber.org/multierr"
  packages = ["."]
  pruneopts = ""
  revision = "3c4937480c32f4c13a875a1829af76c98ca3d40a"
  version = "v1.1.0"

[[projects]]
  digest = "1:246f378f80fba6fcf0f191c486b6613265abd2bc0f2fa55a36b928c67352021e"
  name = "go.uber.org/zap"
  packages = [
    ".",
    "buffer",
    "internal/bufferpool",
    "internal/color",
    "internal/exit",
    "zapcore",
    "zaptest/observer",
  ]
  pruneopts = ""
  revision = "ff33455a0e382e8a81d14dd7c922020b6b5e7982"
  version = "v1.9.1"

[[projects]]
  branch = "master"
  digest = "1:a242f23ceb22423c0a2111d9488a2ab19a2e817111a4f3e2385f5f89a53e619f"
  name = "golang.org/x/crypto"
  packages = [
    "pbkdf2",
    "ssh/terminal",
  ]
  pruneopts = ""
  revision = "e4dc69e5b2fd71dcaf8bd5d054eb936deb78d1fa"

[[projects]]
  branch = "master"
  digest = "1:6ce856debb8efe03fa14d8637c6f573df043d2571cacca0266f122b3d4716729"
  name = "golang.org/x/net"
  packages = [
    "bpf",
    "context",
    "context/ctxhttp",
    "http/httpguts",
    "http2",
    "http2/hpack",
    "idna",
    "internal/socks",
    "proxy",
    "publicsuffix",
  ]
  pruneopts = ""
  revision = "10aee181995363b41f712a55844a0dd52ea04646"

[[projects]]
  branch = "master"
  digest = "1:fe967eeaf65a031c524f4913123d7ce1b79a17376ca1210d1dc1af51a17aa7d6"
  name = "golang.org/x/sys"
  packages = [
    "unix",
    "windows",
    "windows/registry",
    "windows/svc",
    "windows/svc/debug",
    "windows/svc/eventlog",
  ]
  pruneopts = ""
  revision = "3a76605856fddce5718553cbb8bd50ca492a7274"

[[projects]]
  digest = "1:5acd3512b047305d49e8763eef7ba423901e85d5dd2fd1e71778a0ea8de10bd4"
  name = "golang.org/x/text"
  packages = [
    "collate",
    "collate/build",
    "internal/colltab",
    "internal/gen",
    "internal/tag",
    "internal/triegen",
    "internal/ucd",
    "language",
    "secure/bidirule",
    "transform",
    "unicode/bidi",
    "unicode/cldr",
    "unicode/norm",
    "unicode/rangetable",
  ]
  pruneopts = ""
  revision = "f21a4dfb5e38f5895301dc265a8def02365cc3d0"
  version = "v0.3.0"

[[projects]]
  digest = "1:77d3cff3a451d50be4b52db9c7766c0d8570ba47593f0c9dc72173adb208e788"
  name = "google.golang.org/appengine"
  packages = ["cloudsql"]
  pruneopts = ""
  revision = "4a4468ece617fc8205e99368fa2200e9d1fad421"
  version = "v1.3.0"

[[projects]]
  digest = "1:75fb3fcfc73a8c723efde7777b40e8e8ff9babf30d8c56160d01beffea8a95a6"
  name = "gopkg.in/inf.v0"
  packages = ["."]
  pruneopts = ""
  revision = "d2d2541c53f18d2a059457998ce2876cc8e67cbf"
  version = "v0.9.1"

[[projects]]
  branch = "v2"
  digest = "1:f54ba71a035aac92ced3e902d2bff3734a15d1891daff73ec0f90ef236750139"
  name = "gopkg.in/mgo.v2"
  packages = [
    ".",
    "bson",
    "internal/json",
    "internal/sasl",
    "internal/scram",
  ]
  pruneopts = ""
  revision = "9856a29383ce1c59f308dd1cf0363a79b5bef6b5"

[[projects]]
  digest = "1:f0620375dd1f6251d9973b5f2596228cc8042e887cd7f827e4220bc1ce8c30e2"
  name = "gopkg.in/yaml.v2"
  packages = ["."]
  pruneopts = ""
  revision = "5420a8b6744d3b0345ab293f6fcba19c978f1183"
  version = "v2.2.1"

[[projects]]
  branch = "master"
  digest = "1:5e44963f3ff639a4fd8a03522f38614b223467fd040beda2b7122cbf75ede030"
  name = "howett.net/plist"
  packages = ["."]
  pruneopts = ""
  revision = "500bd5b9081b5957ac10389f86e069869f00c348"

[solve-meta]
  analyzer-name = "dep"
  analyzer-version = 1
  input-imports = [
    "github.com/elastic/beats/libbeat/beat",
    "github.com/elastic/beats/libbeat/cmd/instance",
    "github.com/elastic/beats/libbeat/common",
    "github.com/elastic/beats/libbeat/common/cfgwarn",
    "github.com/elastic/beats/libbeat/logp",
    "github.com/elastic/beats/metricbeat/beater",
    "github.com/elastic/beats/metricbeat/include",
    "github.com/elastic/beats/metricbeat/mb",
    "github.com/golang/protobuf/proto",
    "github.com/pkg/errors",
    "go.uber.org/zap",
  ]
  solver-name = "gps-cdcl"
  solver-version = 1
